// !$*UTF8*$!
{
	archiveVersion = 1;
	classes = {
	};
	objectVersion = 50;
	objects = {

/* Begin PBXBuildFile section */
		CB215F7C20A0EE8C002241FB /* HardViewController.swift in Sources */ = {isa = PBXBuildFile; fileRef = CB215F7B20A0EE8C002241FB /* HardViewController.swift */; };
		CB6756E1209CEEFC0015D430 /* EasyViewController.swift in Sources */ = {isa = PBXBuildFile; fileRef = CB6756E0209CEEFC0015D430 /* EasyViewController.swift */; };
		CB6756E3209CFFA60015D430 /* DifficultyViewController.swift in Sources */ = {isa = PBXBuildFile; fileRef = CB6756E2209CFFA60015D430 /* DifficultyViewController.swift */; };
		CB6756E5209D0CA00015D430 /* Card.swift in Sources */ = {isa = PBXBuildFile; fileRef = CB6756E4209D0CA00015D430 /* Card.swift */; };
		CB6756E7209D0D490015D430 /* CardController.swift in Sources */ = {isa = PBXBuildFile; fileRef = CB6756E6209D0D490015D430 /* CardController.swift */; };
		CB6756E9209D3BEA0015D430 /* MediumViewController.swift in Sources */ = {isa = PBXBuildFile; fileRef = CB6756E8209D3BEA0015D430 /* MediumViewController.swift */; };
		CB6756EB209D3BF20015D430 /* VeryHardViewController.swift in Sources */ = {isa = PBXBuildFile; fileRef = CB6756EA209D3BF20015D430 /* VeryHardViewController.swift */; };
		CB6756F120A0B9D80015D430 /* GameController.swift in Sources */ = {isa = PBXBuildFile; fileRef = CB6756F020A0B9D80015D430 /* GameController.swift */; };
		CB6E94EF20A8F148000C2133 /* cardSound.mp3 in Resources */ = {isa = PBXBuildFile; fileRef = CB6E94EE20A8F147000C2133 /* cardSound.mp3 */; };
		CB6E94F120A8F1B0000C2133 /* AVFoundation.framework in Frameworks */ = {isa = PBXBuildFile; fileRef = CB6E94F020A8F1B0000C2133 /* AVFoundation.framework */; };
		CB9AA3FB209BB02E005FE979 /* AppDelegate.swift in Sources */ = {isa = PBXBuildFile; fileRef = CB9AA3FA209BB02E005FE979 /* AppDelegate.swift */; };
		CB9AA3FD209BB02E005FE979 /* ImageSetViewController.swift in Sources */ = {isa = PBXBuildFile; fileRef = CB9AA3FC209BB02E005FE979 /* ImageSetViewController.swift */; };
		CB9AA400209BB02E005FE979 /* Main.storyboard in Resources */ = {isa = PBXBuildFile; fileRef = CB9AA3FE209BB02E005FE979 /* Main.storyboard */; };
		CB9AA402209BB030005FE979 /* Assets.xcassets in Resources */ = {isa = PBXBuildFile; fileRef = CB9AA401209BB030005FE979 /* Assets.xcassets */; };
		CB9AA405209BB030005FE979 /* LaunchScreen.storyboard in Resources */ = {isa = PBXBuildFile; fileRef = CB9AA403209BB030005FE979 /* LaunchScreen.storyboard */; };
		CB9BF4F020A366AB00062BEE /* GameKit.framework in Frameworks */ = {isa = PBXBuildFile; fileRef = CB9BF4EF20A366AB00062BEE /* GameKit.framework */; };
		CB9BF51320A3C1FA00062BEE /* Score.swift in Sources */ = {isa = PBXBuildFile; fileRef = CB9BF51220A3C1FA00062BEE /* Score.swift */; };
		CBC9C2E320C73F3900CC21CE /* Default-568h@2x.png in Resources */ = {isa = PBXBuildFile; fileRef = CBC9C2E220C73F3900CC21CE /* Default-568h@2x.png */; };
		CBC9C2E520C740C000CC21CE /* GameViewController.swift in Sources */ = {isa = PBXBuildFile; fileRef = CBC9C2E420C740C000CC21CE /* GameViewController.swift */; };
		CBC9C2E720C75E4D00CC21CE /* CollectionViewCell.swift in Sources */ = {isa = PBXBuildFile; fileRef = CBC9C2E620C75E4D00CC21CE /* CollectionViewCell.swift */; };
		CBC9C2E920C8472C00CC21CE /* NewGameController.swift in Sources */ = {isa = PBXBuildFile; fileRef = CBC9C2E820C8472C00CC21CE /* NewGameController.swift */; };
		CBCB87AB20A247B8006CEDB9 /* GameTypeViewController.swift in Sources */ = {isa = PBXBuildFile; fileRef = CBCB87AA20A247B8006CEDB9 /* GameTypeViewController.swift */; };
/* End PBXBuildFile section */

/* Begin PBXFileReference section */
		CB215F7B20A0EE8C002241FB /* HardViewController.swift */ = {isa = PBXFileReference; lastKnownFileType = sourcecode.swift; path = HardViewController.swift; sourceTree = "<group>"; };
		CB6756E0209CEEFC0015D430 /* EasyViewController.swift */ = {isa = PBXFileReference; lastKnownFileType = sourcecode.swift; path = EasyViewController.swift; sourceTree = "<group>"; };
		CB6756E2209CFFA60015D430 /* DifficultyViewController.swift */ = {isa = PBXFileReference; lastKnownFileType = sourcecode.swift; path = DifficultyViewController.swift; sourceTree = "<group>"; };
		CB6756E4209D0CA00015D430 /* Card.swift */ = {isa = PBXFileReference; lastKnownFileType = sourcecode.swift; path = Card.swift; sourceTree = "<group>"; };
		CB6756E6209D0D490015D430 /* CardController.swift */ = {isa = PBXFileReference; lastKnownFileType = sourcecode.swift; path = CardController.swift; sourceTree = "<group>"; };
		CB6756E8209D3BEA0015D430 /* MediumViewController.swift */ = {isa = PBXFileReference; lastKnownFileType = sourcecode.swift; path = MediumViewController.swift; sourceTree = "<group>"; };
		CB6756EA209D3BF20015D430 /* VeryHardViewController.swift */ = {isa = PBXFileReference; lastKnownFileType = sourcecode.swift; path = VeryHardViewController.swift; sourceTree = "<group>"; };
		CB6756F020A0B9D80015D430 /* GameController.swift */ = {isa = PBXFileReference; lastKnownFileType = sourcecode.swift; path = GameController.swift; sourceTree = "<group>"; };
		CB6E94EE20A8F147000C2133 /* cardSound.mp3 */ = {isa = PBXFileReference; lastKnownFileType = audio.mp3; path = cardSound.mp3; sourceTree = "<group>"; };
		CB6E94F020A8F1B0000C2133 /* AVFoundation.framework */ = {isa = PBXFileReference; lastKnownFileType = wrapper.framework; name = AVFoundation.framework; path = System/Library/Frameworks/AVFoundation.framework; sourceTree = SDKROOT; };
		CB9AA3F7209BB02E005FE979 /* BigBossBrain.app */ = {isa = PBXFileReference; explicitFileType = wrapper.application; includeInIndex = 0; path = BigBossBrain.app; sourceTree = BUILT_PRODUCTS_DIR; };
		CB9AA3FA209BB02E005FE979 /* AppDelegate.swift */ = {isa = PBXFileReference; lastKnownFileType = sourcecode.swift; path = AppDelegate.swift; sourceTree = "<group>"; };
		CB9AA3FC209BB02E005FE979 /* ImageSetViewController.swift */ = {isa = PBXFileReference; lastKnownFileType = sourcecode.swift; path = ImageSetViewController.swift; sourceTree = "<group>"; };
		CB9AA3FF209BB02E005FE979 /* Base */ = {isa = PBXFileReference; lastKnownFileType = file.storyboard; name = Base; path = Base.lproj/Main.storyboard; sourceTree = "<group>"; };
		CB9AA401209BB030005FE979 /* Assets.xcassets */ = {isa = PBXFileReference; lastKnownFileType = folder.assetcatalog; path = Assets.xcassets; sourceTree = "<group>"; };
		CB9AA404209BB030005FE979 /* Base */ = {isa = PBXFileReference; lastKnownFileType = file.storyboard; name = Base; path = Base.lproj/LaunchScreen.storyboard; sourceTree = "<group>"; };
		CB9AA406209BB030005FE979 /* Info.plist */ = {isa = PBXFileReference; lastKnownFileType = text.plist.xml; path = Info.plist; sourceTree = "<group>"; };
		CB9BF4EF20A366AB00062BEE /* GameKit.framework */ = {isa = PBXFileReference; lastKnownFileType = wrapper.framework; name = GameKit.framework; path = System/Library/Frameworks/GameKit.framework; sourceTree = SDKROOT; };
		CB9BF51220A3C1FA00062BEE /* Score.swift */ = {isa = PBXFileReference; lastKnownFileType = sourcecode.swift; path = Score.swift; sourceTree = "<group>"; };
		CBC9C2E220C73F3900CC21CE /* Default-568h@2x.png */ = {isa = PBXFileReference; lastKnownFileType = image.png; path = "Default-568h@2x.png"; sourceTree = "<group>"; };
		CBC9C2E420C740C000CC21CE /* GameViewController.swift */ = {isa = PBXFileReference; lastKnownFileType = sourcecode.swift; path = GameViewController.swift; sourceTree = "<group>"; };
		CBC9C2E620C75E4D00CC21CE /* CollectionViewCell.swift */ = {isa = PBXFileReference; lastKnownFileType = sourcecode.swift; path = CollectionViewCell.swift; sourceTree = "<group>"; };
		CBC9C2E820C8472C00CC21CE /* NewGameController.swift */ = {isa = PBXFileReference; lastKnownFileType = sourcecode.swift; name = NewGameController.swift; path = ../../../../../../../Documents/NewGameController.swift; sourceTree = "<group>"; };
		CBCB87AA20A247B8006CEDB9 /* GameTypeViewController.swift */ = {isa = PBXFileReference; lastKnownFileType = sourcecode.swift; path = GameTypeViewController.swift; sourceTree = "<group>"; };
/* End PBXFileReference section */

/* Begin PBXFrameworksBuildPhase section */
		CB9AA3F4209BB02E005FE979 /* Frameworks */ = {
			isa = PBXFrameworksBuildPhase;
			buildActionMask = 2147483647;
			files = (
				CB6E94F120A8F1B0000C2133 /* AVFoundation.framework in Frameworks */,
				CB9BF4F020A366AB00062BEE /* GameKit.framework in Frameworks */,
			);
			runOnlyForDeploymentPostprocessing = 0;
		};
/* End PBXFrameworksBuildPhase section */

/* Begin PBXGroup section */
		CB9AA3EE209BB02E005FE979 = {
			isa = PBXGroup;
			children = (
				CBC9C2E220C73F3900CC21CE /* Default-568h@2x.png */,
				CB6E94EE20A8F147000C2133 /* cardSound.mp3 */,
				CB9AA3F9209BB02E005FE979 /* BigBossBrain */,
				CB9AA3F8209BB02E005FE979 /* Products */,
				CB9BF4EE20A366AB00062BEE /* Frameworks */,
			);
			sourceTree = "<group>";
		};
		CB9AA3F8209BB02E005FE979 /* Products */ = {
			isa = PBXGroup;
			children = (
				CB9AA3F7209BB02E005FE979 /* BigBossBrain.app */,
			);
			name = Products;
			sourceTree = "<group>";
		};
		CB9AA3F9209BB02E005FE979 /* BigBossBrain */ = {
			isa = PBXGroup;
			children = (
				CB9AA3FE209BB02E005FE979 /* Main.storyboard */,
				CB9BF51420A3CFDB00062BEE /* Models */,
				CB9BF51520A3CFEF00062BEE /* Controllers */,
				CB9BF51820A3D05500062BEE /* Resources */,
			);
			name = BigBossBrain;
			path = MyMemoryGame;
			sourceTree = "<group>";
		};
		CB9BF4EE20A366AB00062BEE /* Frameworks */ = {
			isa = PBXGroup;
			children = (
				CB6E94F020A8F1B0000C2133 /* AVFoundation.framework */,
				CB9BF4EF20A366AB00062BEE /* GameKit.framework */,
			);
			name = Frameworks;
			sourceTree = "<group>";
		};
		CB9BF51420A3CFDB00062BEE /* Models */ = {
			isa = PBXGroup;
			children = (
				CB6756E4209D0CA00015D430 /* Card.swift */,
				CB9BF51220A3C1FA00062BEE /* Score.swift */,
			);
			path = Models;
			sourceTree = "<group>";
		};
		CB9BF51520A3CFEF00062BEE /* Controllers */ = {
			isa = PBXGroup;
			children = (
				CB9BF51620A3D01600062BEE /* ModelControllers */,
				CB9BF51720A3D02700062BEE /* ViewControllers */,
			);
			path = Controllers;
			sourceTree = "<group>";
		};
		CB9BF51620A3D01600062BEE /* ModelControllers */ = {
			isa = PBXGroup;
			children = (
				CB6756E6209D0D490015D430 /* CardController.swift */,
				CB6756F020A0B9D80015D430 /* GameController.swift */,
				CBC9C2E820C8472C00CC21CE /* NewGameController.swift */,
			);
			path = ModelControllers;
			sourceTree = "<group>";
		};
		CB9BF51720A3D02700062BEE /* ViewControllers */ = {
			isa = PBXGroup;
			children = (
				CBCB87AA20A247B8006CEDB9 /* GameTypeViewController.swift */,
				CB9AA3FC209BB02E005FE979 /* ImageSetViewController.swift */,
				CB6756E2209CFFA60015D430 /* DifficultyViewController.swift */,
				CB6756E0209CEEFC0015D430 /* EasyViewController.swift */,
				CB6756E8209D3BEA0015D430 /* MediumViewController.swift */,
				CB215F7B20A0EE8C002241FB /* HardViewController.swift */,
				CB6756EA209D3BF20015D430 /* VeryHardViewController.swift */,
				CBC9C2E420C740C000CC21CE /* GameViewController.swift */,
				CBC9C2E620C75E4D00CC21CE /* CollectionViewCell.swift */,
			);
			path = ViewControllers;
			sourceTree = "<group>";
		};
		CB9BF51820A3D05500062BEE /* Resources */ = {
			isa = PBXGroup;
			children = (
				CB9AA401209BB030005FE979 /* Assets.xcassets */,
				CB9AA3FA209BB02E005FE979 /* AppDelegate.swift */,
				CB9AA403209BB030005FE979 /* LaunchScreen.storyboard */,
				CB9AA406209BB030005FE979 /* Info.plist */,
			);
			path = Resources;
			sourceTree = "<group>";
		};
/* End PBXGroup section */

/* Begin PBXNativeTarget section */
		CB9AA3F6209BB02E005FE979 /* BigBossBrain */ = {
			isa = PBXNativeTarget;
			buildConfigurationList = CB9AA409209BB030005FE979 /* Build configuration list for PBXNativeTarget "BigBossBrain" */;
			buildPhases = (
				CB9AA3F3209BB02E005FE979 /* Sources */,
				CB9AA3F4209BB02E005FE979 /* Frameworks */,
				CB9AA3F5209BB02E005FE979 /* Resources */,
			);
			buildRules = (
			);
			dependencies = (
			);
			name = BigBossBrain;
			productName = MyMemoryGame;
			productReference = CB9AA3F7209BB02E005FE979 /* BigBossBrain.app */;
			productType = "com.apple.product-type.application";
		};
/* End PBXNativeTarget section */

/* Begin PBXProject section */
		CB9AA3EF209BB02E005FE979 /* Project object */ = {
			isa = PBXProject;
			attributes = {
				LastSwiftUpdateCheck = 0930;
				LastUpgradeCheck = 0930;
				ORGANIZATIONNAME = "Pedro Henrique Chiericatti";
				TargetAttributes = {
					CB9AA3F6209BB02E005FE979 = {
						CreatedOnToolsVersion = 9.3;
						SystemCapabilities = {
							com.apple.GameCenter.iOS = {
								enabled = 1;
							};
						};
					};
				};
			};
			buildConfigurationList = CB9AA3F2209BB02E005FE979 /* Build configuration list for PBXProject "BigBossBrain" */;
			compatibilityVersion = "Xcode 9.3";
			developmentRegion = en;
			hasScannedForEncodings = 0;
			knownRegions = (
				en,
				Base,
			);
			mainGroup = CB9AA3EE209BB02E005FE979;
			productRefGroup = CB9AA3F8209BB02E005FE979 /* Products */;
			projectDirPath = "";
			projectRoot = "";
			targets = (
				CB9AA3F6209BB02E005FE979 /* BigBossBrain */,
			);
		};
/* End PBXProject section */

/* Begin PBXResourcesBuildPhase section */
		CB9AA3F5209BB02E005FE979 /* Resources */ = {
			isa = PBXResourcesBuildPhase;
			buildActionMask = 2147483647;
			files = (
				CB9AA405209BB030005FE979 /* LaunchScreen.storyboard in Resources */,
				CB6E94EF20A8F148000C2133 /* cardSound.mp3 in Resources */,
				CB9AA402209BB030005FE979 /* Assets.xcassets in Resources */,
				CB9AA400209BB02E005FE979 /* Main.storyboard in Resources */,
				CBC9C2E320C73F3900CC21CE /* Default-568h@2x.png in Resources */,
			);
			runOnlyForDeploymentPostprocessing = 0;
		};
/* End PBXResourcesBuildPhase section */

/* Begin PBXSourcesBuildPhase section */
		CB9AA3F3209BB02E005FE979 /* Sources */ = {
			isa = PBXSourcesBuildPhase;
			buildActionMask = 2147483647;
			files = (
				CB6756E3209CFFA60015D430 /* DifficultyViewController.swift in Sources */,
				CB6756F120A0B9D80015D430 /* GameController.swift in Sources */,
				CBCB87AB20A247B8006CEDB9 /* GameTypeViewController.swift in Sources */,
				CB6756EB209D3BF20015D430 /* VeryHardViewController.swift in Sources */,
				CB215F7C20A0EE8C002241FB /* HardViewController.swift in Sources */,
				CB6756E7209D0D490015D430 /* CardController.swift in Sources */,
				CB9AA3FD209BB02E005FE979 /* ImageSetViewController.swift in Sources */,
				CB6756E5209D0CA00015D430 /* Card.swift in Sources */,
				CB9AA3FB209BB02E005FE979 /* AppDelegate.swift in Sources */,
				CB6756E9209D3BEA0015D430 /* MediumViewController.swift in Sources */,
				CBC9C2E720C75E4D00CC21CE /* CollectionViewCell.swift in Sources */,
				CB9BF51320A3C1FA00062BEE /* Score.swift in Sources */,
				CBC9C2E920C8472C00CC21CE /* NewGameController.swift in Sources */,
				CBC9C2E520C740C000CC21CE /* GameViewController.swift in Sources */,
				CB6756E1209CEEFC0015D430 /* EasyViewController.swift in Sources */,
			);
			runOnlyForDeploymentPostprocessing = 0;
		};
/* End PBXSourcesBuildPhase section */

/* Begin PBXVariantGroup section */
		CB9AA3FE209BB02E005FE979 /* Main.storyboard */ = {
			isa = PBXVariantGroup;
			children = (
				CB9AA3FF209BB02E005FE979 /* Base */,
			);
			name = Main.storyboard;
			sourceTree = "<group>";
		};
		CB9AA403209BB030005FE979 /* LaunchScreen.storyboard */ = {
			isa = PBXVariantGroup;
			children = (
				CB9AA404209BB030005FE979 /* Base */,
			);
			name = LaunchScreen.storyboard;
			sourceTree = "<group>";
		};
/* End PBXVariantGroup section */

/* Begin XCBuildConfiguration section */
		CB9AA407209BB030005FE979 /* Debug */ = {
			isa = XCBuildConfiguration;
			buildSettings = {
				ALWAYS_SEARCH_USER_PATHS = NO;
				CLANG_ANALYZER_NONNULL = YES;
				CLANG_ANALYZER_NUMBER_OBJECT_CONVERSION = YES_AGGRESSIVE;
				CLANG_CXX_LANGUAGE_STANDARD = "gnu++14";
				CLANG_CXX_LIBRARY = "libc++";
				CLANG_ENABLE_MODULES = YES;
				CLANG_ENABLE_OBJC_ARC = YES;
				CLANG_ENABLE_OBJC_WEAK = YES;
				CLANG_WARN_BLOCK_CAPTURE_AUTORELEASING = YES;
				CLANG_WARN_BOOL_CONVERSION = YES;
				CLANG_WARN_COMMA = YES;
				CLANG_WARN_CONSTANT_CONVERSION = YES;
				CLANG_WARN_DEPRECATED_OBJC_IMPLEMENTATIONS = YES;
				CLANG_WARN_DIRECT_OBJC_ISA_USAGE = YES_ERROR;
				CLANG_WARN_DOCUMENTATION_COMMENTS = YES;
				CLANG_WARN_EMPTY_BODY = YES;
				CLANG_WARN_ENUM_CONVERSION = YES;
				CLANG_WARN_INFINITE_RECURSION = YES;
				CLANG_WARN_INT_CONVERSION = YES;
				CLANG_WARN_NON_LITERAL_NULL_CONVERSION = YES;
				CLANG_WARN_OBJC_IMPLICIT_RETAIN_SELF = YES;
				CLANG_WARN_OBJC_LITERAL_CONVERSION = YES;
				CLANG_WARN_OBJC_ROOT_CLASS = YES_ERROR;
				CLANG_WARN_RANGE_LOOP_ANALYSIS = YES;
				CLANG_WARN_STRICT_PROTOTYPES = YES;
				CLANG_WARN_SUSPICIOUS_MOVE = YES;
				CLANG_WARN_UNGUARDED_AVAILABILITY = YES_AGGRESSIVE;
				CLANG_WARN_UNREACHABLE_CODE = YES;
				CLANG_WARN__DUPLICATE_METHOD_MATCH = YES;
				CODE_SIGN_IDENTITY = "iPhone Developer";
				COPY_PHASE_STRIP = NO;
				DEBUG_INFORMATION_FORMAT = dwarf;
				ENABLE_STRICT_OBJC_MSGSEND = YES;
				ENABLE_TESTABILITY = YES;
				GCC_C_LANGUAGE_STANDARD = gnu11;
				GCC_DYNAMIC_NO_PIC = NO;
				GCC_NO_COMMON_BLOCKS = YES;
				GCC_OPTIMIZATION_LEVEL = 0;
				GCC_PREPROCESSOR_DEFINITIONS = (
					"DEBUG=1",
					"$(inherited)",
				);
				GCC_WARN_64_TO_32_BIT_CONVERSION = YES;
				GCC_WARN_ABOUT_RETURN_TYPE = YES_ERROR;
				GCC_WARN_UNDECLARED_SELECTOR = YES;
				GCC_WARN_UNINITIALIZED_AUTOS = YES_AGGRESSIVE;
				GCC_WARN_UNUSED_FUNCTION = YES;
				GCC_WARN_UNUSED_VARIABLE = YES;
				IPHONEOS_DEPLOYMENT_TARGET = 11.3;
				MTL_ENABLE_DEBUG_INFO = YES;
				ONLY_ACTIVE_ARCH = YES;
				SDKROOT = iphoneos;
				SWIFT_ACTIVE_COMPILATION_CONDITIONS = DEBUG;
				SWIFT_OPTIMIZATION_LEVEL = "-Onone";
			};
			name = Debug;
		};
		CB9AA408209BB030005FE979 /* Release */ = {
			isa = XCBuildConfiguration;
			buildSettings = {
				ALWAYS_SEARCH_USER_PATHS = NO;
				CLANG_ANALYZER_NONNULL = YES;
				CLANG_ANALYZER_NUMBER_OBJECT_CONVERSION = YES_AGGRESSIVE;
				CLANG_CXX_LANGUAGE_STANDARD = "gnu++14";
				CLANG_CXX_LIBRARY = "libc++";
				CLANG_ENABLE_MODULES = YES;
				CLANG_ENABLE_OBJC_ARC = YES;
				CLANG_ENABLE_OBJC_WEAK = YES;
				CLANG_WARN_BLOCK_CAPTURE_AUTORELEASING = YES;
				CLANG_WARN_BOOL_CONVERSION = YES;
				CLANG_WARN_COMMA = YES;
				CLANG_WARN_CONSTANT_CONVERSION = YES;
				CLANG_WARN_DEPRECATED_OBJC_IMPLEMENTATIONS = YES;
				CLANG_WARN_DIRECT_OBJC_ISA_USAGE = YES_ERROR;
				CLANG_WARN_DOCUMENTATION_COMMENTS = YES;
				CLANG_WARN_EMPTY_BODY = YES;
				CLANG_WARN_ENUM_CONVERSION = YES;
				CLANG_WARN_INFINITE_RECURSION = YES;
				CLANG_WARN_INT_CONVERSION = YES;
				CLANG_WARN_NON_LITERAL_NULL_CONVERSION = YES;
				CLANG_WARN_OBJC_IMPLICIT_RETAIN_SELF = YES;
				CLANG_WARN_OBJC_LITERAL_CONVERSION = YES;
				CLANG_WARN_OBJC_ROOT_CLASS = YES_ERROR;
				CLANG_WARN_RANGE_LOOP_ANALYSIS = YES;
				CLANG_WARN_STRICT_PROTOTYPES = YES;
				CLANG_WARN_SUSPICIOUS_MOVE = YES;
				CLANG_WARN_UNGUARDED_AVAILABILITY = YES_AGGRESSIVE;
				CLANG_WARN_UNREACHABLE_CODE = YES;
				CLANG_WARN__DUPLICATE_METHOD_MATCH = YES;
				CODE_SIGN_IDENTITY = "iPhone Developer";
				COPY_PHASE_STRIP = NO;
				DEBUG_INFORMATION_FORMAT = "dwarf-with-dsym";
				ENABLE_NS_ASSERTIONS = NO;
				ENABLE_STRICT_OBJC_MSGSEND = YES;
				GCC_C_LANGUAGE_STANDARD = gnu11;
				GCC_NO_COMMON_BLOCKS = YES;
				GCC_WARN_64_TO_32_BIT_CONVERSION = YES;
				GCC_WARN_ABOUT_RETURN_TYPE = YES_ERROR;
				GCC_WARN_UNDECLARED_SELECTOR = YES;
				GCC_WARN_UNINITIALIZED_AUTOS = YES_AGGRESSIVE;
				GCC_WARN_UNUSED_FUNCTION = YES;
				GCC_WARN_UNUSED_VARIABLE = YES;
				IPHONEOS_DEPLOYMENT_TARGET = 11.3;
				MTL_ENABLE_DEBUG_INFO = NO;
				SDKROOT = iphoneos;
				SWIFT_COMPILATION_MODE = wholemodule;
				SWIFT_OPTIMIZATION_LEVEL = "-O";
				VALIDATE_PRODUCT = YES;
			};
			name = Release;
		};
		CB9AA40A209BB030005FE979 /* Debug */ = {
			isa = XCBuildConfiguration;
			buildSettings = {
				ASSETCATALOG_COMPILER_APPICON_NAME = AppIcon;
				CODE_SIGN_STYLE = Automatic;
				DEVELOPMENT_TEAM = EDRWFSBTAV;
				INFOPLIST_FILE = "$(SRCROOT)/MyMemoryGame/Resources/Info.plist";
				LD_RUNPATH_SEARCH_PATHS = (
					"$(inherited)",
					"@executable_path/Frameworks",
				);
				PRODUCT_BUNDLE_IDENTIFIER = com.pedrochiericatti.MyMemoryGame;
				PRODUCT_NAME = "$(TARGET_NAME)";
				SWIFT_VERSION = 4.0;
				TARGETED_DEVICE_FAMILY = 1;
			};
			name = Debug;
		};
		CB9AA40B209BB030005FE979 /* Release */ = {
			isa = XCBuildConfiguration;
			buildSettings = {
				ASSETCATALOG_COMPILER_APPICON_NAME = AppIcon;
				CODE_SIGN_STYLE = Automatic;
				DEVELOPMENT_TEAM = EDRWFSBTAV;
				INFOPLIST_FILE = "$(SRCROOT)/MyMemoryGame/Resources/Info.plist";
				LD_RUNPATH_SEARCH_PATHS = (
					"$(inherited)",
					"@executable_path/Frameworks",
				);
				PRODUCT_BUNDLE_IDENTIFIER = com.pedrochiericatti.MyMemoryGame;
				PRODUCT_NAME = "$(TARGET_NAME)";
				SWIFT_VERSION = 4.0;
				TARGETED_DEVICE_FAMILY = 1;
			};
			name = Release;
		};
/* End XCBuildConfiguration section */

/* Begin XCConfigurationList section */
		CB9AA3F2209BB02E005FE979 /* Build configuration list for PBXProject "BigBossBrain" */ = {
			isa = XCConfigurationList;
			buildConfigurations = (
				CB9AA407209BB030005FE979 /* Debug */,
				CB9AA408209BB030005FE979 /* Release */,
			);
			defaultConfigurationIsVisible = 0;
			defaultConfigurationName = Release;
		};
		CB9AA409209BB030005FE979 /* Build configuration list for PBXNativeTarget "BigBossBrain" */ = {
			isa = XCConfigurationList;
			buildConfigurations = (
				CB9AA40A209BB030005FE979 /* Debug */,
				CB9AA40B209BB030005FE979 /* Release */,
			);
			defaultConfigurationIsVisible = 0;
			defaultConfigurationName = Release;
		};
/* End XCConfigurationList section */
	};
	rootObject = CB9AA3EF209BB02E005FE979 /* Project object */;
}
